
Microsoft Visual Studio Solution File, Format Version 12.00
# Visual Studio Version 17
VisualStudioVersion = 17.6.33723.286
MinimumVisualStudioVersion = 10.0.40219.1
Project("{FAE04EC0-301F-11D3-BF4B-00C04F79EFBC}") = "Rc_serviceV2", "Rc_serviceV2\Rc_serviceV2.csproj", "{81AEA35C-B5CF-4F8D-86D0-C2B427683983}"
EndProject
Global
	GlobalSection(SolutionConfigurationPlatforms) = preSolution
		Debug|Any CPU = Debug|Any CPU
		Release|Any CPU = Release|Any CPU
	EndGlobalSection
	GlobalSection(ProjectConfigurationPlatforms) = postSolution
		{81AEA35C-B5CF-4F8D-86D0-C2B427683983}.Debug|Any CPU.ActiveCfg = Debug|Any CPU
		{81AEA35C-B5CF-4F8D-86D0-C2B427683983}.Debug|Any CPU.Build.0 = Debug|Any CPU
		{81AEA35C-B5CF-4F8D-86D0-C2B427683983}.Release|Any CPU.ActiveCfg = Release|Any CPU
		{81AEA35C-B5CF-4F8D-86D0-C2B427683983}.Release|Any CPU.Build.0 = Release|Any CPU
	EndGlobalSection
	GlobalSection(SolutionProperties) = preSolution
		HideSolutionNode = FALSE
	EndGlobalSection
	GlobalSection(ExtensibilityGlobals) = postSolution
		SolutionGuid = {0A789B25-FC54-41CC-BF2E-EF3D198A75F7}
	EndGlobalSection
EndGlobal
